#MicroXplorer Configuration settings - do not modify
Dma.Request0=SAI1_A
Dma.RequestsNb=1
Dma.SAI1_A.0.Direction=DMA_MEMORY_TO_PERIPH
Dma.SAI1_A.0.FIFOMode=DMA_FIFOMODE_DISABLE
Dma.SAI1_A.0.Instance=DMA2_Stream1
Dma.SAI1_A.0.MemDataAlignment=DMA_MDATAALIGN_WORD
Dma.SAI1_A.0.MemInc=DMA_MINC_ENABLE
Dma.SAI1_A.0.Mode=DMA_CIRCULAR
Dma.SAI1_A.0.PeriphDataAlignment=DMA_PDATAALIGN_WORD
Dma.SAI1_A.0.PeriphInc=DMA_PINC_DISABLE
Dma.SAI1_A.0.Priority=DMA_PRIORITY_LOW
Dma.SAI1_A.0.RequestParameters=Instance,Direction,PeriphInc,MemInc,PeriphDataAlignment,MemDataAlignment,Mode,Priority,FIFOMode
FREERTOS.IPParameters=Tasks01
FREERTOS.Tasks01=defaultTask,0,128,StartDefaultTask,Default,NULL
File.Version=6
KeepUserPlacement=true
Mcu.Family=STM32F7
Mcu.IP0=CORTEX_M7
Mcu.IP1=DMA
Mcu.IP2=FATFS
Mcu.IP3=FREERTOS
Mcu.IP4=NVIC
Mcu.IP5=RCC
Mcu.IP6=SAI1
Mcu.IP7=SDMMC2
Mcu.IPNb=8
Mcu.Name=STM32F769N(G-I)Hx
Mcu.Package=TFBGA216
Mcu.Pin0=PE4
Mcu.Pin1=PE3
Mcu.Pin10=PG9
Mcu.Pin11=PF9
Mcu.Pin12=PF8
Mcu.Pin13=VP_FATFS_VS_SDIO
Mcu.Pin14=VP_FREERTOS_VS_ENABLE
Mcu.Pin2=PE2
Mcu.Pin3=PB4
Mcu.Pin4=PB3
Mcu.Pin5=PD7
Mcu.Pin6=PE5
Mcu.Pin7=PE6
Mcu.Pin8=PD6
Mcu.Pin9=PG10
Mcu.PinsNb=15
Mcu.UserConstants=
Mcu.UserName=STM32F769NIHx
MxCube.Version=4.19.0
MxDb.Version=DB.4.0.190
NVIC.BusFault_IRQn=true\:0\:0\:false\:false\:true\:false
NVIC.DMA2_Stream1_IRQn=true\:5\:0\:false\:false\:true\:true
NVIC.DebugMonitor_IRQn=true\:0\:0\:false\:false\:true\:false
NVIC.HardFault_IRQn=true\:0\:0\:false\:false\:true\:false
NVIC.MemoryManagement_IRQn=true\:0\:0\:false\:false\:true\:false
NVIC.NonMaskableInt_IRQn=true\:0\:0\:false\:false\:true\:false
NVIC.PendSV_IRQn=true\:15\:0\:false\:false\:false\:true
NVIC.PriorityGroup=NVIC_PRIORITYGROUP_4
NVIC.SVCall_IRQn=true\:0\:0\:false\:false\:false\:false
NVIC.SysTick_IRQn=true\:15\:0\:false\:false\:true\:true
NVIC.UsageFault_IRQn=true\:0\:0\:false\:false\:true\:false
PB3.Mode=SD_4_bits_Wide_bus
PB3.Signal=SDMMC2_D2
PB4.Mode=SD_4_bits_Wide_bus
PB4.Signal=SDMMC2_D3
PCC.Checker=false
PCC.Line=STM32F7x9
PCC.MCU=STM32F769N(G-I)Hx
PCC.MXVersion=4.19.0
PCC.PartNumber=STM32F769NIHx
PCC.Seq0=0
PCC.Series=STM32F7
PCC.Temperature=25
PCC.Vdd=3.3
PD6.Mode=SD_4_bits_Wide_bus
PD6.Signal=SDMMC2_CK
PD7.Mode=SD_4_bits_Wide_bus
PD7.Signal=SDMMC2_CMD
PE2.Mode=SAI_A_MasterWithClock
PE2.Signal=SAI1_MCLK_A
PE3.Mode=SAI_B_Master
PE3.Signal=SAI1_SD_B
PE4.Mode=SAI_A_MasterWithClock
PE4.Signal=SAI1_FS_A
PE5.Mode=SAI_A_MasterWithClock
PE5.Signal=SAI1_SCK_A
PE6.Mode=SAI_A_MasterWithClock
PE6.Signal=SAI1_SD_A
PF8.Mode=SAI_B_Master
PF8.Signal=SAI1_SCK_B
PF9.Mode=SAI_B_Master
PF9.Signal=SAI1_FS_B
PG10.Mode=SD_4_bits_Wide_bus
PG10.Signal=SDMMC2_D1
PG9.Mode=SD_4_bits_Wide_bus
PG9.Signal=SDMMC2_D0
ProjectManager.AskForMigrate=true
ProjectManager.BackupPrevious=false
ProjectManager.CompilerOptimize=2
ProjectManager.ComputerToolchain=false
ProjectManager.CoupleFile=true
ProjectManager.CustomerFirmwarePackage=/home/win/STM32Cube/Repository/STM32Cube_FW_F7_V1.6.0
ProjectManager.DefaultFWLocation=true
ProjectManager.DeletePrevious=true
ProjectManager.DeviceId=STM32F769NIHx
ProjectManager.FirmwarePackage=STM32Cube FW_F7 V1.6.0
ProjectManager.FreePins=false
ProjectManager.HalAssertFull=false
ProjectManager.HeapSize=0x200
ProjectManager.KeepUserCode=true
ProjectManager.LastFirmware=true
ProjectManager.LibraryCopy=1
ProjectManager.PreviousToolchain=SW4STM32
ProjectManager.ProjectBuild=false
ProjectManager.ProjectFileName=f7.ioc
ProjectManager.ProjectName=f7
ProjectManager.StackSize=0x400
ProjectManager.TargetToolchain=SW4STM32
ProjectManager.ToolChainLocation=/home/win/temp/f7
ProjectManager.UnderRoot=true
ProjectManager.functionlistsort=1-MX_GPIO_Init-GPIO-false-HAL,2-MX_DMA_Init-DMA-false-HAL,3-SystemClock_Config-RCC-false-HAL,4-MX_SAI1_Init-SAI1-false-HAL,5-MX_SDMMC2_SD_Init-SDMMC2-false-HAL,6-MX_FATFS_Init-FATFS-false-HAL
RCC.CECFreq_Value=32786.88524590164
RCC.DATA_CACHE_ENABLE=1
RCC.DFSDMAudioFreq_Value=16000000
RCC.DFSDMFreq_Value=16000000
RCC.DSIFreq_Value=62500000
RCC.DSITXEscFreq_Value=15625000
RCC.FamilyName=M
RCC.HSE_VALUE=25000000
RCC.HSI_VALUE=16000000
RCC.I2SFreq_Value=96000000
RCC.INSTRUCTION_CACHE_ENABLE=1
RCC.IPParameters=CECFreq_Value,DATA_CACHE_ENABLE,DFSDMAudioFreq_Value,DFSDMFreq_Value,DSIFreq_Value,DSITXEscFreq_Value,FamilyName,HSE_VALUE,HSI_VALUE,I2SFreq_Value,INSTRUCTION_CACHE_ENABLE,LCDTFTFreq_Value,LSE_VALUE,LSI_VALUE,MSIAutoCalibration,MSICalibrationValue,PLLCLKFreq_Value,PLLDSIVCOFreq_Value,PLLI2SPCLKFreq_Value,PLLI2SQCLKFreq_Value,PLLI2SRCLKFreq_Value,PLLQCLKFreq_Value,PLLSAIPCLKFreq_Value,PLLSAIQCLKFreq_Value,PLLSAIRCLKFreq_Value,PLLSAIoutputFreq_Value,PREFETCH_ENABLE,RNGFreq_Value,SAI1CLockSelection,SAI1Freq_Value,SAI2Freq_Value,SDMMC2Freq_Value,SDMMCFreq_Value,SPDIFRXFreq_Value,USBFreq_Value,VCOI2SOutputFreq_Value,VCOInputFreq_Value,VCOOutputFreq_Value,VCOSAIOutputFreq_Value
RCC.LCDTFTFreq_Value=48000000
RCC.LSE_VALUE=32768
RCC.LSI_VALUE=32000
RCC.MSIAutoCalibration=DISABLED
RCC.MSICalibrationValue=0
RCC.PLLCLKFreq_Value=96000000
RCC.PLLDSIVCOFreq_Value=1000000000
RCC.PLLI2SPCLKFreq_Value=96000000
RCC.PLLI2SQCLKFreq_Value=96000000
RCC.PLLI2SRCLKFreq_Value=96000000
RCC.PLLQCLKFreq_Value=96000000
RCC.PLLSAIPCLKFreq_Value=96000000
RCC.PLLSAIQCLKFreq_Value=96000000
RCC.PLLSAIRCLKFreq_Value=96000000
RCC.PLLSAIoutputFreq_Value=96000000
RCC.PREFETCH_ENABLE=0
RCC.RNGFreq_Value=96000000
RCC.SAI1CLockSelection=RCC_SAI1CLKSOURCE_PLLSRC
RCC.SAI1Freq_Value=16000000
RCC.SAI2Freq_Value=96000000
RCC.SDMMC2Freq_Value=16000000
RCC.SDMMCFreq_Value=16000000
RCC.SPDIFRXFreq_Value=96000000
RCC.USBFreq_Value=96000000
RCC.VCOI2SOutputFreq_Value=192000000
RCC.VCOInputFreq_Value=1000000
RCC.VCOOutputFreq_Value=192000000
RCC.VCOSAIOutputFreq_Value=192000000
SAI1.IPParameters=Instance-SAI_A_MasterWithClock,MClockEnable-SAI_A_MasterWithClock,SlotActive-SAI_A_MasterWithClock,Instance-SAI_B_Master,SlotActive-SAI_B_Master
SAI1.Instance-SAI_A_MasterWithClock=SAI$Index_Block_A
SAI1.Instance-SAI_B_Master=SAI$Index_Block_B
SAI1.MClockEnable-SAI_A_MasterWithClock=SAI_MASTERCLOCK_ENABLE
SAI1.SlotActive-SAI_A_MasterWithClock=0x00000000
SAI1.SlotActive-SAI_B_Master=0x00000000
SDMMC2.BusWide=SDMMC_BUS_WIDE_1B
SDMMC2.IPParameters=BusWide,WideMode
SDMMC2.WideMode=SDMMC_BUS_WIDE_4B
VP_FATFS_VS_SDIO.Mode=SDIO
VP_FATFS_VS_SDIO.Signal=FATFS_VS_SDIO
VP_FREERTOS_VS_ENABLE.Mode=Enabled
VP_FREERTOS_VS_ENABLE.Signal=FREERTOS_VS_ENABLE
board=f7
